
Microsoft Visual Studio Solution File, Format Version 12.00
# Visual Studio Version 17
VisualStudioVersion = 17.14.35806.103
MinimumVisualStudioVersion = 10.0.40219.1
Project("{FAE04EC0-301F-11D3-BF4B-00C04F79EFBC}") = "CodeMaestro", "CodeMaestro\CodeMaestro.csproj", "{302FB7C5-A2FA-411A-9B8D-B802BCB1D464}"
EndProject
Global
	GlobalSection(SolutionConfigurationPlatforms) = preSolution
		Debug|Any CPU = Debug|Any CPU
		Release|Any CPU = Release|Any CPU
	EndGlobalSection
	GlobalSection(ProjectConfigurationPlatforms) = postSolution
		{302FB7C5-A2FA-411A-9B8D-B802BCB1D464}.Debug|Any CPU.ActiveCfg = Debug|Any CPU
		{302FB7C5-A2FA-411A-9B8D-B802BCB1D464}.Debug|Any CPU.Build.0 = Debug|Any CPU
		{302FB7C5-A2FA-411A-9B8D-B802BCB1D464}.Release|Any CPU.ActiveCfg = Release|Any CPU
		{302FB7C5-A2FA-411A-9B8D-B802BCB1D464}.Release|Any CPU.Build.0 = Release|Any CPU
	EndGlobalSection
	GlobalSection(SolutionProperties) = preSolution
		HideSolutionNode = FALSE
	EndGlobalSection
	GlobalSection(ExtensibilityGlobals) = postSolution
		SolutionGuid = {93CCE191-DFD5-469B-861C-F767E88B190C}
	EndGlobalSection
EndGlobal
